{
  "object": {
    "pins": [
      {
        "package": "Cryptor",
        "repositoryURL": "https://github.com/IBM-Swift/BlueCryptor.git",
        "state": {
          "branch": null,
          "revision": "de20ec9af166d779a08c16f05146f4b9124478d0",
          "version": "0.8.27"
        }
      },
      {
        "package": "Clibsodium",
        "repositoryURL": "https://github.com/tiwoc/Clibsodium.git",
        "state": {
          "branch": null,
          "revision": "2ac72772aae26b2da0b15c253d9bb79ba452f66a",
          "version": "1.0.0"
        }
      },
      {
        "package": "CommonCrypto",
        "repositoryURL": "https://github.com/IBM-Swift/CommonCrypto.git",
        "state": {
          "branch": null,
          "revision": "9156d238dbc4c15455b77b45e721b2bb0b995e31",
          "version": "0.1.5"
        }
      },
      {
        "package": "CryptoSwift",
        "repositoryURL": "https://github.com/krzyzanowskim/CryptoSwift.git",
        "state": {
          "branch": null,
          "revision": "3f6869c469abf3e2ebefe3b6baef4bfac3aac305",
          "version": "0.11.0"
        }
      },
      {
        "package": "Datable",
        "repositoryURL": "https://github.com/OperatorFoundation/Datable.git",
        "state": {
          "branch": null,
          "revision": "814c6b1173f74672732d094ad0abe7e5d2eac232",
          "version": "0.1.0"
        }
      },
      {
        "package": "Elligator",
        "repositoryURL": "https://github.com/OperatorFoundation/Elligator.git",
        "state": {
          "branch": null,
          "revision": "ac7ae7f3d5b0296f0628691914a66f3652bd3c70",
          "version": "0.1.0"
        }
      },
      {
        "package": "HKDF",
        "repositoryURL": "https://github.com/Bouke/HKDF.git",
        "state": {
          "branch": null,
          "revision": "31f2217e3a648cfac898af70cba4dc44724fcba4",
          "version": "3.0.1"
        }
      },
      {
        "package": "Shapeshifter-Swift-Transports",
        "repositoryURL": "https://github.com/OperatorFoundation/Shapeshifter-Swift-Transports.git",
        "state": {
          "branch": null,
          "revision": "62464408ff3717b47e420e534b87d9be1b3b06e2",
          "version": "0.1.7"
        }
      },
      {
        "package": "Sodium",
        "repositoryURL": "https://github.com/consuelita/swift-sodium",
        "state": {
          "branch": null,
          "revision": "8e60308d8021cece0eb627a1a4cadc3cb78be38b",
          "version": "0.6.2"
        }
      },
      {
        "package": "SwiftQueue",
        "repositoryURL": "https://github.com/OperatorFoundation/SwiftQueue.git",
        "state": {
          "branch": null,
          "revision": "0e5979acbb104516a427bb2bb09debc50ca100b4",
          "version": "0.0.3"
        }
      },
      {
        "package": "Transport",
        "repositoryURL": "https://github.com/OperatorFoundation/Transport.git",
        "state": {
          "branch": null,
          "revision": "538b90bce4153cb79af9b1124fff6723ca76f445",
          "version": "0.0.12"
        }
      }
    ]
  },
  "version": 1
}
