// !$*UTF8*$!
{
	archiveVersion = 1;
	classes = {
	};
	objectVersion = 48;
	objects = {

/* Begin PBXBuildFile section */
		2CA9A8851F9691A900A2AB4E /* config.plist in Resources */ = {isa = PBXBuildFile; fileRef = 2CA9A87B1F9691A800A2AB4E /* config.plist */; };
		2CA9A8931F9692A100A2AB4E /* AddressPool.swift in Sources */ = {isa = PBXBuildFile; fileRef = 2CA9A8721F9691A800A2AB4E /* AddressPool.swift */; };
		2CA9A8941F9692A500A2AB4E /* ServerConfiguration.swift in Sources */ = {isa = PBXBuildFile; fileRef = 2CA9A8731F9691A800A2AB4E /* ServerConfiguration.swift */; };
		2CA9A8951F9692A500A2AB4E /* ServerConnection.swift in Sources */ = {isa = PBXBuildFile; fileRef = 2CA9A8741F9691A800A2AB4E /* ServerConnection.swift */; };
		2CA9A8961F9692B000A2AB4E /* ServerTunnel.swift in Sources */ = {isa = PBXBuildFile; fileRef = 2CA9A8761F9691A800A2AB4E /* ServerTunnel.swift */; };
		2CA9A8971F9692B300A2AB4E /* ServerUtils.m in Sources */ = {isa = PBXBuildFile; fileRef = 2CA9A8771F9691A800A2AB4E /* ServerUtils.m */; };
		2CA9A8981F9692C500A2AB4E /* ServerTunnelConnection.swift in Sources */ = {isa = PBXBuildFile; fileRef = 2CA9A8781F9691A800A2AB4E /* ServerTunnelConnection.swift */; };
		2CA9A8991F9692D700A2AB4E /* UDPServerConnection.swift in Sources */ = {isa = PBXBuildFile; fileRef = 2CA9A8791F9691A800A2AB4E /* UDPServerConnection.swift */; };
		2CA9A89A1F9692E400A2AB4E /* main.swift in Sources */ = {isa = PBXBuildFile; fileRef = 2CA9A87D1F9691A800A2AB4E /* main.swift */; };
		460E6F531F96563900F011B8 /* NetworkExtension.framework in Frameworks */ = {isa = PBXBuildFile; fileRef = 460E6F521F96563900F011B8 /* NetworkExtension.framework */; };
		463DF2DE209A1C490066813D /* NetworkExtension.framework in Frameworks */ = {isa = PBXBuildFile; fileRef = 460E6F521F96563900F011B8 /* NetworkExtension.framework */; };
		46986E3B20AE1078003EC8BE /* SimpleTunnelError.swift in Sources */ = {isa = PBXBuildFile; fileRef = 46986E3A20AE1078003EC8BE /* SimpleTunnelError.swift */; };
		469B6BCC20AB41CC004FAF28 /* Meek.framework in Frameworks */ = {isa = PBXBuildFile; fileRef = 463DF2DB209A188B0066813D /* Meek.framework */; };
		469B6BCD20AB41D4004FAF28 /* Transport.framework in Frameworks */ = {isa = PBXBuildFile; fileRef = 463DF2DD209A188B0066813D /* Transport.framework */; };
		46E9404E20A0DA4A009C342A /* Transport.framework in Frameworks */ = {isa = PBXBuildFile; fileRef = 463DF2DD209A188B0066813D /* Transport.framework */; };
		46E9404F20A0DA4A009C342A /* Transport.framework in Embed Frameworks */ = {isa = PBXBuildFile; fileRef = 463DF2DD209A188B0066813D /* Transport.framework */; settings = {ATTRIBUTES = (CodeSignOnCopy, RemoveHeadersOnCopy, ); }; };
		46E9405220A0DA73009C342A /* Meek.framework in Frameworks */ = {isa = PBXBuildFile; fileRef = 463DF2DB209A188B0066813D /* Meek.framework */; };
		46E9405320A0DA73009C342A /* Meek.framework in Embed Frameworks */ = {isa = PBXBuildFile; fileRef = 463DF2DB209A188B0066813D /* Meek.framework */; settings = {ATTRIBUTES = (CodeSignOnCopy, RemoveHeadersOnCopy, ); }; };
		46E9405620A0DAA3009C342A /* CryptoSwift.framework in Frameworks */ = {isa = PBXBuildFile; fileRef = 463DF2D9209A188B0066813D /* CryptoSwift.framework */; };
		46E9405720A0DAA3009C342A /* CryptoSwift.framework in Embed Frameworks */ = {isa = PBXBuildFile; fileRef = 463DF2D9209A188B0066813D /* CryptoSwift.framework */; settings = {ATTRIBUTES = (CodeSignOnCopy, RemoveHeadersOnCopy, ); }; };
		46FCA00E20B36EE7000A2919 /* SwiftQueue.framework in Frameworks */ = {isa = PBXBuildFile; fileRef = 46986E2C20ADFC10003EC8BE /* SwiftQueue.framework */; };
		46FCA00F20B36EE7000A2919 /* SwiftQueue.framework in Embed Frameworks */ = {isa = PBXBuildFile; fileRef = 46986E2C20ADFC10003EC8BE /* SwiftQueue.framework */; settings = {ATTRIBUTES = (CodeSignOnCopy, RemoveHeadersOnCopy, ); }; };
		4E78C2CF1F97A93C00C9B616 /* ClientTunnelConnection.swift in Sources */ = {isa = PBXBuildFile; fileRef = 4E78C2CC1F97A93C00C9B616 /* ClientTunnelConnection.swift */; };
		4E78C3061F97A96D00C9B616 /* Info.plist in Resources */ = {isa = PBXBuildFile; fileRef = 4E78C3051F97A96D00C9B616 /* Info.plist */; };
		4E78C34A1F97ACDB00C9B616 /* PacketTunnelExtension.appex in Embed App Extensions */ = {isa = PBXBuildFile; fileRef = 4E78C3421F97ACDB00C9B616 /* PacketTunnelExtension.appex */; settings = {ATTRIBUTES = (RemoveHeadersOnCopy, ); }; };
		4E78C3681F97AE9200C9B616 /* AddEditConfiguration.swift in Sources */ = {isa = PBXBuildFile; fileRef = 4E78C34F1F97AE9200C9B616 /* AddEditConfiguration.swift */; };
		4E78C3691F97AE9200C9B616 /* AppDelegate.swift in Sources */ = {isa = PBXBuildFile; fileRef = 4E78C3501F97AE9200C9B616 /* AppDelegate.swift */; };
		4E78C36B1F97AE9200C9B616 /* ConfigurationListController.swift in Sources */ = {isa = PBXBuildFile; fileRef = 4E78C3521F97AE9200C9B616 /* ConfigurationListController.swift */; };
		4E78C36C1F97AE9200C9B616 /* ConfigurationParametersViewController.swift in Sources */ = {isa = PBXBuildFile; fileRef = 4E78C3531F97AE9200C9B616 /* ConfigurationParametersViewController.swift */; };
		4E78C36D1F97AE9200C9B616 /* ConnectionRuleAddEditController.swift in Sources */ = {isa = PBXBuildFile; fileRef = 4E78C3541F97AE9200C9B616 /* ConnectionRuleAddEditController.swift */; };
		4E78C36E1F97AE9200C9B616 /* ConnectionRuleListController.swift in Sources */ = {isa = PBXBuildFile; fileRef = 4E78C3551F97AE9200C9B616 /* ConnectionRuleListController.swift */; };
		4E78C3701F97AE9300C9B616 /* EnumPickerController.swift in Sources */ = {isa = PBXBuildFile; fileRef = 4E78C3571F97AE9200C9B616 /* EnumPickerController.swift */; };
		4E78C3711F97AE9300C9B616 /* Images.xcassets in Resources */ = {isa = PBXBuildFile; fileRef = 4E78C3581F97AE9200C9B616 /* Images.xcassets */; };
		4E78C3721F97AE9300C9B616 /* LaunchScreen.xib in Resources */ = {isa = PBXBuildFile; fileRef = 4E78C3591F97AE9200C9B616 /* LaunchScreen.xib */; };
		4E78C3731F97AE9300C9B616 /* ListViewController.swift in Sources */ = {isa = PBXBuildFile; fileRef = 4E78C35A1F97AE9200C9B616 /* ListViewController.swift */; };
		4E78C3741F97AE9300C9B616 /* Main.storyboard in Resources */ = {isa = PBXBuildFile; fileRef = 4E78C35B1F97AE9200C9B616 /* Main.storyboard */; };
		4E78C3751F97AE9300C9B616 /* OnDemandRuleAddEditController.swift in Sources */ = {isa = PBXBuildFile; fileRef = 4E78C35C1F97AE9200C9B616 /* OnDemandRuleAddEditController.swift */; };
		4E78C3761F97AE9300C9B616 /* OnDemandRuleListController.swift in Sources */ = {isa = PBXBuildFile; fileRef = 4E78C35D1F97AE9200C9B616 /* OnDemandRuleListController.swift */; };
		4E78C3771F97AE9300C9B616 /* ProxyAutoConfigScriptController.swift in Sources */ = {isa = PBXBuildFile; fileRef = 4E78C35E1F97AE9200C9B616 /* ProxyAutoConfigScriptController.swift */; };
		4E78C3781F97AE9300C9B616 /* ProxyServerAddEditController.swift in Sources */ = {isa = PBXBuildFile; fileRef = 4E78C35F1F97AE9200C9B616 /* ProxyServerAddEditController.swift */; };
		4E78C3791F97AE9300C9B616 /* ProxySettingsController.swift in Sources */ = {isa = PBXBuildFile; fileRef = 4E78C3601F97AE9200C9B616 /* ProxySettingsController.swift */; };
		4E78C37A1F97AE9300C9B616 /* StatusViewController.swift in Sources */ = {isa = PBXBuildFile; fileRef = 4E78C3611F97AE9200C9B616 /* StatusViewController.swift */; };
		4E78C37B1F97AE9300C9B616 /* StringListController.swift in Sources */ = {isa = PBXBuildFile; fileRef = 4E78C3621F97AE9200C9B616 /* StringListController.swift */; };
		4E78C37D1F97AE9300C9B616 /* SwitchCell.swift in Sources */ = {isa = PBXBuildFile; fileRef = 4E78C3661F97AE9200C9B616 /* SwitchCell.swift */; };
		4E78C37E1F97AE9300C9B616 /* TextFieldCell.swift in Sources */ = {isa = PBXBuildFile; fileRef = 4E78C3671F97AE9200C9B616 /* TextFieldCell.swift */; };
		4E78C3801F97B47200C9B616 /* PacketTunnelProvider.swift in Sources */ = {isa = PBXBuildFile; fileRef = 4E78C37F1F97B47200C9B616 /* PacketTunnelProvider.swift */; };
		4E78C3841F97B63800C9B616 /* ClientTunnelConnection.swift in Sources */ = {isa = PBXBuildFile; fileRef = 4E78C2CC1F97A93C00C9B616 /* ClientTunnelConnection.swift */; };
/* End PBXBuildFile section */

/* Begin PBXContainerItemProxy section */
		463DF2BC209A10370066813D /* PBXContainerItemProxy */ = {
			isa = PBXContainerItemProxy;
			containerPortal = 463DF2B5209A10370066813D /* PacketTunnelExampleDependencies.xcodeproj */;
			proxyType = 2;
			remoteGlobalIDString = "PacketTunnelExampleDependencies::PacketTunnelExampleDependencies::Product";
			remoteInfo = PacketTunnelExampleDependencies;
		};
		463DF2BE209A10370066813D /* PBXContainerItemProxy */ = {
			isa = PBXContainerItemProxy;
			containerPortal = 463DF2B5209A10370066813D /* PacketTunnelExampleDependencies.xcodeproj */;
			proxyType = 2;
			remoteGlobalIDString = "PacketTunnelExampleDependencies::PacketTunnelExampleDependenciesTests::Product";
			remoteInfo = PacketTunnelExampleDependenciesTests;
		};
		463DF2D8209A188B0066813D /* PBXContainerItemProxy */ = {
			isa = PBXContainerItemProxy;
			containerPortal = 463DF2B5209A10370066813D /* PacketTunnelExampleDependencies.xcodeproj */;
			proxyType = 2;
			remoteGlobalIDString = "CryptoSwift::CryptoSwift::Product";
			remoteInfo = CryptoSwift;
		};
		463DF2DA209A188B0066813D /* PBXContainerItemProxy */ = {
			isa = PBXContainerItemProxy;
			containerPortal = 463DF2B5209A10370066813D /* PacketTunnelExampleDependencies.xcodeproj */;
			proxyType = 2;
			remoteGlobalIDString = "Shapeshifter-Swift-Transports::Meek::Product";
			remoteInfo = Meek;
		};
		463DF2DC209A188B0066813D /* PBXContainerItemProxy */ = {
			isa = PBXContainerItemProxy;
			containerPortal = 463DF2B5209A10370066813D /* PacketTunnelExampleDependencies.xcodeproj */;
			proxyType = 2;
			remoteGlobalIDString = "Transport::Transport::Product";
			remoteInfo = Transport;
		};
		46986E2B20ADFC10003EC8BE /* PBXContainerItemProxy */ = {
			isa = PBXContainerItemProxy;
			containerPortal = 463DF2B5209A10370066813D /* PacketTunnelExampleDependencies.xcodeproj */;
			proxyType = 2;
			remoteGlobalIDString = "SwiftQueue::SwiftQueue::Product";
			remoteInfo = SwiftQueue;
		};
		46E9405020A0DA4A009C342A /* PBXContainerItemProxy */ = {
			isa = PBXContainerItemProxy;
			containerPortal = 463DF2B5209A10370066813D /* PacketTunnelExampleDependencies.xcodeproj */;
			proxyType = 1;
			remoteGlobalIDString = "Transport::Transport";
			remoteInfo = Transport;
		};
		46E9405420A0DA73009C342A /* PBXContainerItemProxy */ = {
			isa = PBXContainerItemProxy;
			containerPortal = 463DF2B5209A10370066813D /* PacketTunnelExampleDependencies.xcodeproj */;
			proxyType = 1;
			remoteGlobalIDString = "Shapeshifter-Swift-Transports::Meek";
			remoteInfo = Meek;
		};
		46E9405820A0DAA3009C342A /* PBXContainerItemProxy */ = {
			isa = PBXContainerItemProxy;
			containerPortal = 463DF2B5209A10370066813D /* PacketTunnelExampleDependencies.xcodeproj */;
			proxyType = 1;
			remoteGlobalIDString = "CryptoSwift::CryptoSwift";
			remoteInfo = CryptoSwift;
		};
		46FCA01020B36EE7000A2919 /* PBXContainerItemProxy */ = {
			isa = PBXContainerItemProxy;
			containerPortal = 463DF2B5209A10370066813D /* PacketTunnelExampleDependencies.xcodeproj */;
			proxyType = 1;
			remoteGlobalIDString = "SwiftQueue::SwiftQueue";
			remoteInfo = SwiftQueue;
		};
		4E78C3481F97ACDB00C9B616 /* PBXContainerItemProxy */ = {
			isa = PBXContainerItemProxy;
			containerPortal = 460E6F341F9655DF00F011B8 /* Project object */;
			proxyType = 1;
			remoteGlobalIDString = 4E78C3411F97ACDB00C9B616;
			remoteInfo = PacketTunnel;
		};
/* End PBXContainerItemProxy section */

/* Begin PBXCopyFilesBuildPhase section */
		2C3A08F11F979E590033433F /* Embed Frameworks */ = {
			isa = PBXCopyFilesBuildPhase;
			buildActionMask = 2147483647;
			dstPath = "";
			dstSubfolderSpec = 10;
			files = (
				46E9404F20A0DA4A009C342A /* Transport.framework in Embed Frameworks */,
				46E9405320A0DA73009C342A /* Meek.framework in Embed Frameworks */,
				46E9405720A0DAA3009C342A /* CryptoSwift.framework in Embed Frameworks */,
				46FCA00F20B36EE7000A2919 /* SwiftQueue.framework in Embed Frameworks */,
			);
			name = "Embed Frameworks";
			runOnlyForDeploymentPostprocessing = 0;
		};
		2CA9A88A1F96926A00A2AB4E /* CopyFiles */ = {
			isa = PBXCopyFilesBuildPhase;
			buildActionMask = 2147483647;
			dstPath = /usr/share/man/man1/;
			dstSubfolderSpec = 0;
			files = (
			);
			runOnlyForDeploymentPostprocessing = 1;
		};
		460E6F651F96573E00F011B8 /* Embed App Extensions */ = {
			isa = PBXCopyFilesBuildPhase;
			buildActionMask = 2147483647;
			dstPath = "";
			dstSubfolderSpec = 13;
			files = (
				4E78C34A1F97ACDB00C9B616 /* PacketTunnelExtension.appex in Embed App Extensions */,
			);
			name = "Embed App Extensions";
			runOnlyForDeploymentPostprocessing = 0;
		};
/* End PBXCopyFilesBuildPhase section */

/* Begin PBXFileReference section */
		2CA9A8721F9691A800A2AB4E /* AddressPool.swift */ = {isa = PBXFileReference; fileEncoding = 4; lastKnownFileType = sourcecode.swift; path = AddressPool.swift; sourceTree = "<group>"; };
		2CA9A8731F9691A800A2AB4E /* ServerConfiguration.swift */ = {isa = PBXFileReference; fileEncoding = 4; lastKnownFileType = sourcecode.swift; path = ServerConfiguration.swift; sourceTree = "<group>"; };
		2CA9A8741F9691A800A2AB4E /* ServerConnection.swift */ = {isa = PBXFileReference; fileEncoding = 4; lastKnownFileType = sourcecode.swift; path = ServerConnection.swift; sourceTree = "<group>"; };
		2CA9A8751F9691A800A2AB4E /* tunnel_server-Bridging-Header.h */ = {isa = PBXFileReference; fileEncoding = 4; lastKnownFileType = sourcecode.c.h; path = "tunnel_server-Bridging-Header.h"; sourceTree = "<group>"; };
		2CA9A8761F9691A800A2AB4E /* ServerTunnel.swift */ = {isa = PBXFileReference; fileEncoding = 4; lastKnownFileType = sourcecode.swift; path = ServerTunnel.swift; sourceTree = "<group>"; };
		2CA9A8771F9691A800A2AB4E /* ServerUtils.m */ = {isa = PBXFileReference; fileEncoding = 4; lastKnownFileType = sourcecode.c.objc; path = ServerUtils.m; sourceTree = "<group>"; };
		2CA9A8781F9691A800A2AB4E /* ServerTunnelConnection.swift */ = {isa = PBXFileReference; fileEncoding = 4; lastKnownFileType = sourcecode.swift; path = ServerTunnelConnection.swift; sourceTree = "<group>"; };
		2CA9A8791F9691A800A2AB4E /* UDPServerConnection.swift */ = {isa = PBXFileReference; fileEncoding = 4; lastKnownFileType = sourcecode.swift; path = UDPServerConnection.swift; sourceTree = "<group>"; };
		2CA9A87A1F9691A800A2AB4E /* ServerUtils.h */ = {isa = PBXFileReference; fileEncoding = 4; lastKnownFileType = sourcecode.c.h; path = ServerUtils.h; sourceTree = "<group>"; };
		2CA9A87B1F9691A800A2AB4E /* config.plist */ = {isa = PBXFileReference; fileEncoding = 4; lastKnownFileType = text.plist.xml; path = config.plist; sourceTree = "<group>"; };
		2CA9A87C1F9691A800A2AB4E /* LICENSE.txt */ = {isa = PBXFileReference; fileEncoding = 4; lastKnownFileType = text; path = LICENSE.txt; sourceTree = "<group>"; };
		2CA9A87D1F9691A800A2AB4E /* main.swift */ = {isa = PBXFileReference; fileEncoding = 4; lastKnownFileType = sourcecode.swift; path = main.swift; sourceTree = "<group>"; };
		2CA9A88C1F96926A00A2AB4E /* PacketTunnelServer */ = {isa = PBXFileReference; explicitFileType = "compiled.mach-o.executable"; includeInIndex = 0; path = PacketTunnelServer; sourceTree = BUILT_PRODUCTS_DIR; };
		460E6F3C1F9655DF00F011B8 /* PacketTunnelExample.app */ = {isa = PBXFileReference; explicitFileType = wrapper.application; includeInIndex = 0; path = PacketTunnelExample.app; sourceTree = BUILT_PRODUCTS_DIR; };
		460E6F521F96563900F011B8 /* NetworkExtension.framework */ = {isa = PBXFileReference; lastKnownFileType = wrapper.framework; name = NetworkExtension.framework; path = System/Library/Frameworks/NetworkExtension.framework; sourceTree = SDKROOT; };
		463DF2B5209A10370066813D /* PacketTunnelExampleDependencies.xcodeproj */ = {isa = PBXFileReference; lastKnownFileType = "wrapper.pb-project"; name = PacketTunnelExampleDependencies.xcodeproj; path = PacketTunnelExampleDependencies/PacketTunnelExampleDependencies.xcodeproj; sourceTree = SOURCE_ROOT; };
		46986E3720AE0A7E003EC8BE /* NWTCPConnection+CustomStringConvertible.swift */ = {isa = PBXFileReference; lastKnownFileType = sourcecode.swift; path = "NWTCPConnection+CustomStringConvertible.swift"; sourceTree = "<group>"; };
		46986E3A20AE1078003EC8BE /* SimpleTunnelError.swift */ = {isa = PBXFileReference; lastKnownFileType = sourcecode.swift; path = SimpleTunnelError.swift; sourceTree = "<group>"; };
		4E78C2C51F97A87D00C9B616 /* README.md */ = {isa = PBXFileReference; lastKnownFileType = net.daringfireball.markdown; name = README.md; path = ../SimpleTunnel/README.md; sourceTree = "<group>"; };
		4E78C2CC1F97A93C00C9B616 /* ClientTunnelConnection.swift */ = {isa = PBXFileReference; fileEncoding = 4; lastKnownFileType = sourcecode.swift; path = ClientTunnelConnection.swift; sourceTree = "<group>"; };
		4E78C3051F97A96D00C9B616 /* Info.plist */ = {isa = PBXFileReference; fileEncoding = 4; lastKnownFileType = text.plist.xml; path = Info.plist; sourceTree = "<group>"; };
		4E78C3421F97ACDB00C9B616 /* PacketTunnelExtension.appex */ = {isa = PBXFileReference; explicitFileType = "wrapper.app-extension"; includeInIndex = 0; path = PacketTunnelExtension.appex; sourceTree = BUILT_PRODUCTS_DIR; };
		4E78C34F1F97AE9200C9B616 /* AddEditConfiguration.swift */ = {isa = PBXFileReference; fileEncoding = 4; lastKnownFileType = sourcecode.swift; path = AddEditConfiguration.swift; sourceTree = "<group>"; };
		4E78C3501F97AE9200C9B616 /* AppDelegate.swift */ = {isa = PBXFileReference; fileEncoding = 4; lastKnownFileType = sourcecode.swift; path = AppDelegate.swift; sourceTree = "<group>"; };
		4E78C3521F97AE9200C9B616 /* ConfigurationListController.swift */ = {isa = PBXFileReference; fileEncoding = 4; lastKnownFileType = sourcecode.swift; path = ConfigurationListController.swift; sourceTree = "<group>"; };
		4E78C3531F97AE9200C9B616 /* ConfigurationParametersViewController.swift */ = {isa = PBXFileReference; fileEncoding = 4; lastKnownFileType = sourcecode.swift; path = ConfigurationParametersViewController.swift; sourceTree = "<group>"; };
		4E78C3541F97AE9200C9B616 /* ConnectionRuleAddEditController.swift */ = {isa = PBXFileReference; fileEncoding = 4; lastKnownFileType = sourcecode.swift; path = ConnectionRuleAddEditController.swift; sourceTree = "<group>"; };
		4E78C3551F97AE9200C9B616 /* ConnectionRuleListController.swift */ = {isa = PBXFileReference; fileEncoding = 4; lastKnownFileType = sourcecode.swift; path = ConnectionRuleListController.swift; sourceTree = "<group>"; };
		4E78C3571F97AE9200C9B616 /* EnumPickerController.swift */ = {isa = PBXFileReference; fileEncoding = 4; lastKnownFileType = sourcecode.swift; path = EnumPickerController.swift; sourceTree = "<group>"; };
		4E78C3581F97AE9200C9B616 /* Images.xcassets */ = {isa = PBXFileReference; lastKnownFileType = folder.assetcatalog; path = Images.xcassets; sourceTree = "<group>"; };
		4E78C3591F97AE9200C9B616 /* LaunchScreen.xib */ = {isa = PBXFileReference; fileEncoding = 4; lastKnownFileType = file.xib; path = LaunchScreen.xib; sourceTree = "<group>"; };
		4E78C35A1F97AE9200C9B616 /* ListViewController.swift */ = {isa = PBXFileReference; fileEncoding = 4; lastKnownFileType = sourcecode.swift; path = ListViewController.swift; sourceTree = "<group>"; };
		4E78C35B1F97AE9200C9B616 /* Main.storyboard */ = {isa = PBXFileReference; fileEncoding = 4; lastKnownFileType = file.storyboard; path = Main.storyboard; sourceTree = "<group>"; };
		4E78C35C1F97AE9200C9B616 /* OnDemandRuleAddEditController.swift */ = {isa = PBXFileReference; fileEncoding = 4; lastKnownFileType = sourcecode.swift; path = OnDemandRuleAddEditController.swift; sourceTree = "<group>"; };
		4E78C35D1F97AE9200C9B616 /* OnDemandRuleListController.swift */ = {isa = PBXFileReference; fileEncoding = 4; lastKnownFileType = sourcecode.swift; path = OnDemandRuleListController.swift; sourceTree = "<group>"; };
		4E78C35E1F97AE9200C9B616 /* ProxyAutoConfigScriptController.swift */ = {isa = PBXFileReference; fileEncoding = 4; lastKnownFileType = sourcecode.swift; path = ProxyAutoConfigScriptController.swift; sourceTree = "<group>"; };
		4E78C35F1F97AE9200C9B616 /* ProxyServerAddEditController.swift */ = {isa = PBXFileReference; fileEncoding = 4; lastKnownFileType = sourcecode.swift; path = ProxyServerAddEditController.swift; sourceTree = "<group>"; };
		4E78C3601F97AE9200C9B616 /* ProxySettingsController.swift */ = {isa = PBXFileReference; fileEncoding = 4; lastKnownFileType = sourcecode.swift; path = ProxySettingsController.swift; sourceTree = "<group>"; };
		4E78C3611F97AE9200C9B616 /* StatusViewController.swift */ = {isa = PBXFileReference; fileEncoding = 4; lastKnownFileType = sourcecode.swift; path = StatusViewController.swift; sourceTree = "<group>"; };
		4E78C3621F97AE9200C9B616 /* StringListController.swift */ = {isa = PBXFileReference; fileEncoding = 4; lastKnownFileType = sourcecode.swift; path = StringListController.swift; sourceTree = "<group>"; };
		4E78C3641F97AE9200C9B616 /* Info.plist */ = {isa = PBXFileReference; fileEncoding = 4; lastKnownFileType = text.plist.xml; path = Info.plist; sourceTree = "<group>"; };
		4E78C3661F97AE9200C9B616 /* SwitchCell.swift */ = {isa = PBXFileReference; fileEncoding = 4; lastKnownFileType = sourcecode.swift; path = SwitchCell.swift; sourceTree = "<group>"; };
		4E78C3671F97AE9200C9B616 /* TextFieldCell.swift */ = {isa = PBXFileReference; fileEncoding = 4; lastKnownFileType = sourcecode.swift; path = TextFieldCell.swift; sourceTree = "<group>"; };
		4E78C37F1F97B47200C9B616 /* PacketTunnelProvider.swift */ = {isa = PBXFileReference; fileEncoding = 4; lastKnownFileType = sourcecode.swift; path = PacketTunnelProvider.swift; sourceTree = "<group>"; };
		4E78C3851F97C25600C9B616 /* PacketTunnelExample.entitlements */ = {isa = PBXFileReference; lastKnownFileType = text.plist.entitlements; path = PacketTunnelExample.entitlements; sourceTree = "<group>"; };
		4E78C3871F97CA5E00C9B616 /* PacketTunnelExtension.entitlements */ = {isa = PBXFileReference; lastKnownFileType = text.plist.entitlements; path = PacketTunnelExtension.entitlements; sourceTree = "<group>"; };
/* End PBXFileReference section */

/* Begin PBXFrameworksBuildPhase section */
		2CA9A8891F96926A00A2AB4E /* Frameworks */ = {
			isa = PBXFrameworksBuildPhase;
			buildActionMask = 2147483647;
			files = (
			);
			runOnlyForDeploymentPostprocessing = 0;
		};
		460E6F391F9655DF00F011B8 /* Frameworks */ = {
			isa = PBXFrameworksBuildPhase;
			buildActionMask = 2147483647;
			files = (
				46E9405220A0DA73009C342A /* Meek.framework in Frameworks */,
				46E9404E20A0DA4A009C342A /* Transport.framework in Frameworks */,
				46E9405620A0DAA3009C342A /* CryptoSwift.framework in Frameworks */,
				460E6F531F96563900F011B8 /* NetworkExtension.framework in Frameworks */,
				46FCA00E20B36EE7000A2919 /* SwiftQueue.framework in Frameworks */,
			);
			runOnlyForDeploymentPostprocessing = 0;
		};
		4E78C33F1F97ACDB00C9B616 /* Frameworks */ = {
			isa = PBXFrameworksBuildPhase;
			buildActionMask = 2147483647;
			files = (
				469B6BCD20AB41D4004FAF28 /* Transport.framework in Frameworks */,
				469B6BCC20AB41CC004FAF28 /* Meek.framework in Frameworks */,
				463DF2DE209A1C490066813D /* NetworkExtension.framework in Frameworks */,
			);
			runOnlyForDeploymentPostprocessing = 0;
		};
/* End PBXFrameworksBuildPhase section */

/* Begin PBXGroup section */
		2CA9A8711F9691A800A2AB4E /* PacketTunnelServer */ = {
			isa = PBXGroup;
			children = (
				2CA9A8721F9691A800A2AB4E /* AddressPool.swift */,
				2CA9A8731F9691A800A2AB4E /* ServerConfiguration.swift */,
				2CA9A8741F9691A800A2AB4E /* ServerConnection.swift */,
				2CA9A8761F9691A800A2AB4E /* ServerTunnel.swift */,
				2CA9A8781F9691A800A2AB4E /* ServerTunnelConnection.swift */,
				2CA9A8791F9691A800A2AB4E /* UDPServerConnection.swift */,
				2CA9A87A1F9691A800A2AB4E /* ServerUtils.h */,
				2CA9A8771F9691A800A2AB4E /* ServerUtils.m */,
				2CA9A8751F9691A800A2AB4E /* tunnel_server-Bridging-Header.h */,
				2CA9A87B1F9691A800A2AB4E /* config.plist */,
				2CA9A87C1F9691A800A2AB4E /* LICENSE.txt */,
				2CA9A87D1F9691A800A2AB4E /* main.swift */,
			);
			path = PacketTunnelServer;
			sourceTree = "<group>";
		};
		460E6F331F9655DF00F011B8 = {
			isa = PBXGroup;
			children = (
				463DF2B5209A10370066813D /* PacketTunnelExampleDependencies.xcodeproj */,
				4E78C34E1F97AE9200C9B616 /* PacketTunnelExample */,
				4E78C2CA1F97A92D00C9B616 /* PacketTunnelExtension */,
				4E78C2C51F97A87D00C9B616 /* README.md */,
				2CA9A8711F9691A800A2AB4E /* PacketTunnelServer */,
				460E6F3D1F9655DF00F011B8 /* Products */,
				460E6F511F96563900F011B8 /* Frameworks */,
			);
			sourceTree = "<group>";
		};
		460E6F3D1F9655DF00F011B8 /* Products */ = {
			isa = PBXGroup;
			children = (
				460E6F3C1F9655DF00F011B8 /* PacketTunnelExample.app */,
				2CA9A88C1F96926A00A2AB4E /* PacketTunnelServer */,
				4E78C3421F97ACDB00C9B616 /* PacketTunnelExtension.appex */,
			);
			name = Products;
			sourceTree = "<group>";
		};
		460E6F511F96563900F011B8 /* Frameworks */ = {
			isa = PBXGroup;
			children = (
				460E6F521F96563900F011B8 /* NetworkExtension.framework */,
			);
			name = Frameworks;
			sourceTree = "<group>";
		};
		463DF2B6209A10370066813D /* Products */ = {
			isa = PBXGroup;
			children = (
				463DF2D9209A188B0066813D /* CryptoSwift.framework */,
				463DF2DB209A188B0066813D /* Meek.framework */,
				463DF2BD209A10370066813D /* PacketTunnelExampleDependencies.framework */,
				463DF2BF209A10370066813D /* PacketTunnelExampleDependenciesTests.xctest */,
				46986E2C20ADFC10003EC8BE /* SwiftQueue.framework */,
				463DF2DD209A188B0066813D /* Transport.framework */,
			);
			name = Products;
			sourceTree = "<group>";
		};
		468318C720ADF47100CFBBBD /* Controllers */ = {
			isa = PBXGroup;
			children = (
				4E78C3611F97AE9200C9B616 /* StatusViewController.swift */,
				4E78C34F1F97AE9200C9B616 /* AddEditConfiguration.swift */,
				4E78C3521F97AE9200C9B616 /* ConfigurationListController.swift */,
				4E78C35F1F97AE9200C9B616 /* ProxyServerAddEditController.swift */,
				4E78C3601F97AE9200C9B616 /* ProxySettingsController.swift */,
				4E78C35E1F97AE9200C9B616 /* ProxyAutoConfigScriptController.swift */,
				4E78C35C1F97AE9200C9B616 /* OnDemandRuleAddEditController.swift */,
				4E78C3541F97AE9200C9B616 /* ConnectionRuleAddEditController.swift */,
				4E78C3551F97AE9200C9B616 /* ConnectionRuleListController.swift */,
				4E78C35D1F97AE9200C9B616 /* OnDemandRuleListController.swift */,
			);
			path = Controllers;
			sourceTree = "<group>";
		};
		468318CF20ADF47D00CFBBBD /* Views */ = {
			isa = PBXGroup;
			children = (
				4E78C3581F97AE9200C9B616 /* Images.xcassets */,
				4E78C3591F97AE9200C9B616 /* LaunchScreen.xib */,
				4E78C35B1F97AE9200C9B616 /* Main.storyboard */,
				4E78C3571F97AE9200C9B616 /* EnumPickerController.swift */,
				4E78C3531F97AE9200C9B616 /* ConfigurationParametersViewController.swift */,
				4E78C35A1F97AE9200C9B616 /* ListViewController.swift */,
				4E78C3661F97AE9200C9B616 /* SwitchCell.swift */,
				4E78C3671F97AE9200C9B616 /* TextFieldCell.swift */,
				4E78C3621F97AE9200C9B616 /* StringListController.swift */,
			);
			path = Views;
			sourceTree = "<group>";
		};
		468318D020ADF48F00CFBBBD /* Model */ = {
			isa = PBXGroup;
			children = (
			);
			path = Model;
			sourceTree = "<group>";
		};
		4E78C2CA1F97A92D00C9B616 /* PacketTunnelExtension */ = {
			isa = PBXGroup;
			children = (
				4E78C3031F97A96100C9B616 /* Supporting Files */,
				4E78C37F1F97B47200C9B616 /* PacketTunnelProvider.swift */,
				4E78C2CC1F97A93C00C9B616 /* ClientTunnelConnection.swift */,
			);
			path = PacketTunnelExtension;
			sourceTree = "<group>";
		};
		4E78C3031F97A96100C9B616 /* Supporting Files */ = {
			isa = PBXGroup;
			children = (
				4E78C3871F97CA5E00C9B616 /* PacketTunnelExtension.entitlements */,
				4E78C3051F97A96D00C9B616 /* Info.plist */,
				46986E3720AE0A7E003EC8BE /* NWTCPConnection+CustomStringConvertible.swift */,
				46986E3A20AE1078003EC8BE /* SimpleTunnelError.swift */,
			);
			path = "Supporting Files";
			sourceTree = "<group>";
		};
		4E78C34E1F97AE9200C9B616 /* PacketTunnelExample */ = {
			isa = PBXGroup;
			children = (
				4E78C3501F97AE9200C9B616 /* AppDelegate.swift */,
				468318D020ADF48F00CFBBBD /* Model */,
				468318CF20ADF47D00CFBBBD /* Views */,
				468318C720ADF47100CFBBBD /* Controllers */,
				4E78C3631F97AE9200C9B616 /* Supporting Files */,
			);
			path = PacketTunnelExample;
			sourceTree = "<group>";
		};
		4E78C3631F97AE9200C9B616 /* Supporting Files */ = {
			isa = PBXGroup;
			children = (
				4E78C3851F97C25600C9B616 /* PacketTunnelExample.entitlements */,
				4E78C3641F97AE9200C9B616 /* Info.plist */,
			);
			path = "Supporting Files";
			sourceTree = "<group>";
		};
/* End PBXGroup section */

/* Begin PBXNativeTarget section */
		2CA9A88B1F96926A00A2AB4E /* PacketTunnelServer */ = {
			isa = PBXNativeTarget;
			buildConfigurationList = 2CA9A8901F96926A00A2AB4E /* Build configuration list for PBXNativeTarget "PacketTunnelServer" */;
			buildPhases = (
				2CA9A8881F96926A00A2AB4E /* Sources */,
				2CA9A8891F96926A00A2AB4E /* Frameworks */,
				2CA9A88A1F96926A00A2AB4E /* CopyFiles */,
			);
			buildRules = (
			);
			dependencies = (
			);
			name = PacketTunnelServer;
			productName = ivan.PacketTunnelExample.Server;
			productReference = 2CA9A88C1F96926A00A2AB4E /* PacketTunnelServer */;
			productType = "com.apple.product-type.tool";
		};
		460E6F3B1F9655DF00F011B8 /* PacketTunnelExample */ = {
			isa = PBXNativeTarget;
			buildConfigurationList = 460E6F4E1F9655DF00F011B8 /* Build configuration list for PBXNativeTarget "PacketTunnelExample" */;
			buildPhases = (
				460E6F381F9655DF00F011B8 /* Sources */,
				460E6F391F9655DF00F011B8 /* Frameworks */,
				460E6F3A1F9655DF00F011B8 /* Resources */,
				460E6F651F96573E00F011B8 /* Embed App Extensions */,
				2C3A08F11F979E590033433F /* Embed Frameworks */,
			);
			buildRules = (
			);
			dependencies = (
				4E78C3491F97ACDB00C9B616 /* PBXTargetDependency */,
				46E9405120A0DA4A009C342A /* PBXTargetDependency */,
				46E9405520A0DA73009C342A /* PBXTargetDependency */,
				46E9405920A0DAA3009C342A /* PBXTargetDependency */,
				46FCA01120B36EE7000A2919 /* PBXTargetDependency */,
			);
			name = PacketTunnelExample;
			productName = PacketTunnelExample;
			productReference = 460E6F3C1F9655DF00F011B8 /* PacketTunnelExample.app */;
			productType = "com.apple.product-type.application";
		};
		4E78C3411F97ACDB00C9B616 /* PacketTunnelExtension */ = {
			isa = PBXNativeTarget;
			buildConfigurationList = 4E78C34B1F97ACDB00C9B616 /* Build configuration list for PBXNativeTarget "PacketTunnelExtension" */;
			buildPhases = (
				4E78C33E1F97ACDB00C9B616 /* Sources */,
				4E78C33F1F97ACDB00C9B616 /* Frameworks */,
				4E78C3401F97ACDB00C9B616 /* Resources */,
			);
			buildRules = (
			);
			dependencies = (
			);
			name = PacketTunnelExtension;
			productName = PacketTunnel;
			productReference = 4E78C3421F97ACDB00C9B616 /* PacketTunnelExtension.appex */;
			productType = "com.apple.product-type.app-extension";
		};
/* End PBXNativeTarget section */

/* Begin PBXProject section */
		460E6F341F9655DF00F011B8 /* Project object */ = {
			isa = PBXProject;
			attributes = {
				LastSwiftUpdateCheck = 0910;
				LastUpgradeCheck = 0930;
				TargetAttributes = {
					2CA9A88B1F96926A00A2AB4E = {
						CreatedOnToolsVersion = 9.0;
						LastSwiftMigration = 0900;
						ProvisioningStyle = Automatic;
					};
					460E6F3B1F9655DF00F011B8 = {
						CreatedOnToolsVersion = 9.0;
						ProvisioningStyle = Automatic;
						SystemCapabilities = {
							com.apple.ApplicationGroups.iOS = {
								enabled = 1;
							};
							com.apple.Keychain = {
								enabled = 0;
							};
							com.apple.NetworkExtensions.iOS = {
								enabled = 1;
							};
						};
					};
					4E78C3411F97ACDB00C9B616 = {
						CreatedOnToolsVersion = 9.1;
						LastSwiftMigration = 0910;
						ProvisioningStyle = Automatic;
						SystemCapabilities = {
							com.apple.ApplicationGroups.iOS = {
								enabled = 1;
							};
						};
					};
				};
			};
			buildConfigurationList = 460E6F371F9655DF00F011B8 /* Build configuration list for PBXProject "PacketTunnelExample" */;
			compatibilityVersion = "Xcode 8.0";
			developmentRegion = en;
			hasScannedForEncodings = 0;
			knownRegions = (
				en,
				Base,
			);
			mainGroup = 460E6F331F9655DF00F011B8;
			productRefGroup = 460E6F3D1F9655DF00F011B8 /* Products */;
			projectDirPath = "";
			projectReferences = (
				{
					ProductGroup = 463DF2B6209A10370066813D /* Products */;
					ProjectRef = 463DF2B5209A10370066813D /* PacketTunnelExampleDependencies.xcodeproj */;
				},
			);
			projectRoot = "";
			targets = (
				460E6F3B1F9655DF00F011B8 /* PacketTunnelExample */,
				2CA9A88B1F96926A00A2AB4E /* PacketTunnelServer */,
				4E78C3411F97ACDB00C9B616 /* PacketTunnelExtension */,
			);
		};
/* End PBXProject section */

/* Begin PBXReferenceProxy section */
		463DF2BD209A10370066813D /* PacketTunnelExampleDependencies.framework */ = {
			isa = PBXReferenceProxy;
			fileType = wrapper.framework;
			path = PacketTunnelExampleDependencies.framework;
			remoteRef = 463DF2BC209A10370066813D /* PBXContainerItemProxy */;
			sourceTree = BUILT_PRODUCTS_DIR;
		};
		463DF2BF209A10370066813D /* PacketTunnelExampleDependenciesTests.xctest */ = {
			isa = PBXReferenceProxy;
			fileType = file;
			path = PacketTunnelExampleDependenciesTests.xctest;
			remoteRef = 463DF2BE209A10370066813D /* PBXContainerItemProxy */;
			sourceTree = BUILT_PRODUCTS_DIR;
		};
		463DF2D9209A188B0066813D /* CryptoSwift.framework */ = {
			isa = PBXReferenceProxy;
			fileType = wrapper.framework;
			path = CryptoSwift.framework;
			remoteRef = 463DF2D8209A188B0066813D /* PBXContainerItemProxy */;
			sourceTree = BUILT_PRODUCTS_DIR;
		};
		463DF2DB209A188B0066813D /* Meek.framework */ = {
			isa = PBXReferenceProxy;
			fileType = wrapper.framework;
			path = Meek.framework;
			remoteRef = 463DF2DA209A188B0066813D /* PBXContainerItemProxy */;
			sourceTree = BUILT_PRODUCTS_DIR;
		};
		463DF2DD209A188B0066813D /* Transport.framework */ = {
			isa = PBXReferenceProxy;
			fileType = wrapper.framework;
			path = Transport.framework;
			remoteRef = 463DF2DC209A188B0066813D /* PBXContainerItemProxy */;
			sourceTree = BUILT_PRODUCTS_DIR;
		};
		46986E2C20ADFC10003EC8BE /* SwiftQueue.framework */ = {
			isa = PBXReferenceProxy;
			fileType = wrapper.framework;
			path = SwiftQueue.framework;
			remoteRef = 46986E2B20ADFC10003EC8BE /* PBXContainerItemProxy */;
			sourceTree = BUILT_PRODUCTS_DIR;
		};
/* End PBXReferenceProxy section */

/* Begin PBXResourcesBuildPhase section */
		460E6F3A1F9655DF00F011B8 /* Resources */ = {
			isa = PBXResourcesBuildPhase;
			buildActionMask = 2147483647;
			files = (
				4E78C3741F97AE9300C9B616 /* Main.storyboard in Resources */,
				4E78C3061F97A96D00C9B616 /* Info.plist in Resources */,
				4E78C3711F97AE9300C9B616 /* Images.xcassets in Resources */,
				2CA9A8851F9691A900A2AB4E /* config.plist in Resources */,
				4E78C3721F97AE9300C9B616 /* LaunchScreen.xib in Resources */,
			);
			runOnlyForDeploymentPostprocessing = 0;
		};
		4E78C3401F97ACDB00C9B616 /* Resources */ = {
			isa = PBXResourcesBuildPhase;
			buildActionMask = 2147483647;
			files = (
			);
			runOnlyForDeploymentPostprocessing = 0;
		};
/* End PBXResourcesBuildPhase section */

/* Begin PBXSourcesBuildPhase section */
		2CA9A8881F96926A00A2AB4E /* Sources */ = {
			isa = PBXSourcesBuildPhase;
			buildActionMask = 2147483647;
			files = (
				2CA9A8931F9692A100A2AB4E /* AddressPool.swift in Sources */,
				2CA9A8951F9692A500A2AB4E /* ServerConnection.swift in Sources */,
				2CA9A89A1F9692E400A2AB4E /* main.swift in Sources */,
				2CA9A8981F9692C500A2AB4E /* ServerTunnelConnection.swift in Sources */,
				2CA9A8971F9692B300A2AB4E /* ServerUtils.m in Sources */,
				2CA9A8991F9692D700A2AB4E /* UDPServerConnection.swift in Sources */,
				2CA9A8961F9692B000A2AB4E /* ServerTunnel.swift in Sources */,
				2CA9A8941F9692A500A2AB4E /* ServerConfiguration.swift in Sources */,
			);
			runOnlyForDeploymentPostprocessing = 0;
		};
		460E6F381F9655DF00F011B8 /* Sources */ = {
			isa = PBXSourcesBuildPhase;
			buildActionMask = 2147483647;
			files = (
				4E78C3691F97AE9200C9B616 /* AppDelegate.swift in Sources */,
				4E78C3681F97AE9200C9B616 /* AddEditConfiguration.swift in Sources */,
				4E78C3761F97AE9300C9B616 /* OnDemandRuleListController.swift in Sources */,
				4E78C3751F97AE9300C9B616 /* OnDemandRuleAddEditController.swift in Sources */,
				4E78C3731F97AE9300C9B616 /* ListViewController.swift in Sources */,
				4E78C37E1F97AE9300C9B616 /* TextFieldCell.swift in Sources */,
				4E78C36C1F97AE9200C9B616 /* ConfigurationParametersViewController.swift in Sources */,
				4E78C36D1F97AE9200C9B616 /* ConnectionRuleAddEditController.swift in Sources */,
				4E78C2CF1F97A93C00C9B616 /* ClientTunnelConnection.swift in Sources */,
				4E78C37D1F97AE9300C9B616 /* SwitchCell.swift in Sources */,
				4E78C3701F97AE9300C9B616 /* EnumPickerController.swift in Sources */,
				4E78C36E1F97AE9200C9B616 /* ConnectionRuleListController.swift in Sources */,
				4E78C36B1F97AE9200C9B616 /* ConfigurationListController.swift in Sources */,
				4E78C3791F97AE9300C9B616 /* ProxySettingsController.swift in Sources */,
				4E78C3781F97AE9300C9B616 /* ProxyServerAddEditController.swift in Sources */,
				4E78C3771F97AE9300C9B616 /* ProxyAutoConfigScriptController.swift in Sources */,
				4E78C37B1F97AE9300C9B616 /* StringListController.swift in Sources */,
				4E78C37A1F97AE9300C9B616 /* StatusViewController.swift in Sources */,
			);
			runOnlyForDeploymentPostprocessing = 0;
		};
		4E78C33E1F97ACDB00C9B616 /* Sources */ = {
			isa = PBXSourcesBuildPhase;
			buildActionMask = 2147483647;
			files = (
				46986E3B20AE1078003EC8BE /* SimpleTunnelError.swift in Sources */,
				4E78C3841F97B63800C9B616 /* ClientTunnelConnection.swift in Sources */,
				4E78C3801F97B47200C9B616 /* PacketTunnelProvider.swift in Sources */,
			);
			runOnlyForDeploymentPostprocessing = 0;
		};
/* End PBXSourcesBuildPhase section */

/* Begin PBXTargetDependency section */
		46E9405120A0DA4A009C342A /* PBXTargetDependency */ = {
			isa = PBXTargetDependency;
			name = Transport;
			targetProxy = 46E9405020A0DA4A009C342A /* PBXContainerItemProxy */;
		};
		46E9405520A0DA73009C342A /* PBXTargetDependency */ = {
			isa = PBXTargetDependency;
			name = Meek;
			targetProxy = 46E9405420A0DA73009C342A /* PBXContainerItemProxy */;
		};
		46E9405920A0DAA3009C342A /* PBXTargetDependency */ = {
			isa = PBXTargetDependency;
			name = CryptoSwift;
			targetProxy = 46E9405820A0DAA3009C342A /* PBXContainerItemProxy */;
		};
		46FCA01120B36EE7000A2919 /* PBXTargetDependency */ = {
			isa = PBXTargetDependency;
			name = SwiftQueue;
			targetProxy = 46FCA01020B36EE7000A2919 /* PBXContainerItemProxy */;
		};
		4E78C3491F97ACDB00C9B616 /* PBXTargetDependency */ = {
			isa = PBXTargetDependency;
			target = 4E78C3411F97ACDB00C9B616 /* PacketTunnelExtension */;
			targetProxy = 4E78C3481F97ACDB00C9B616 /* PBXContainerItemProxy */;
		};
/* End PBXTargetDependency section */

/* Begin XCBuildConfiguration section */
		2CA9A8911F96926A00A2AB4E /* Debug */ = {
			isa = XCBuildConfiguration;
			buildSettings = {
				CODE_SIGN_IDENTITY = "Mac Developer";
				DEVELOPMENT_TEAM = 67Y4NSLDQ3;
				MACOSX_DEPLOYMENT_TARGET = 10.13;
				PRODUCT_NAME = "$(TARGET_NAME)";
				SDKROOT = macosx;
				SWIFT_OBJC_BRIDGING_HEADER = "PacketTunnelServer/tunnel_server-Bridging-Header.h";
				SWIFT_SWIFT3_OBJC_INFERENCE = Default;
				SWIFT_VERSION = 4.0;
			};
			name = Debug;
		};
		2CA9A8921F96926A00A2AB4E /* Release */ = {
			isa = XCBuildConfiguration;
			buildSettings = {
				CODE_SIGN_IDENTITY = "Mac Developer";
				DEVELOPMENT_TEAM = 67Y4NSLDQ3;
				MACOSX_DEPLOYMENT_TARGET = 10.13;
				PRODUCT_NAME = "$(TARGET_NAME)";
				SDKROOT = macosx;
				SWIFT_OBJC_BRIDGING_HEADER = "PacketTunnelServer/tunnel_server-Bridging-Header.h";
				SWIFT_SWIFT3_OBJC_INFERENCE = Default;
				SWIFT_VERSION = 4.0;
			};
			name = Release;
		};
		460E6F4C1F9655DF00F011B8 /* Debug */ = {
			isa = XCBuildConfiguration;
			buildSettings = {
				ALWAYS_SEARCH_USER_PATHS = NO;
				CLANG_ANALYZER_NONNULL = YES;
				CLANG_ANALYZER_NUMBER_OBJECT_CONVERSION = YES_AGGRESSIVE;
				CLANG_CXX_LANGUAGE_STANDARD = "gnu++14";
				CLANG_CXX_LIBRARY = "libc++";
				CLANG_ENABLE_MODULES = YES;
				CLANG_ENABLE_OBJC_ARC = YES;
				CLANG_WARN_BLOCK_CAPTURE_AUTORELEASING = YES;
				CLANG_WARN_BOOL_CONVERSION = YES;
				CLANG_WARN_COMMA = YES;
				CLANG_WARN_CONSTANT_CONVERSION = YES;
				CLANG_WARN_DEPRECATED_OBJC_IMPLEMENTATIONS = YES;
				CLANG_WARN_DIRECT_OBJC_ISA_USAGE = YES_ERROR;
				CLANG_WARN_DOCUMENTATION_COMMENTS = YES;
				CLANG_WARN_EMPTY_BODY = YES;
				CLANG_WARN_ENUM_CONVERSION = YES;
				CLANG_WARN_INFINITE_RECURSION = YES;
				CLANG_WARN_INT_CONVERSION = YES;
				CLANG_WARN_NON_LITERAL_NULL_CONVERSION = YES;
				CLANG_WARN_OBJC_IMPLICIT_RETAIN_SELF = YES;
				CLANG_WARN_OBJC_LITERAL_CONVERSION = YES;
				CLANG_WARN_OBJC_ROOT_CLASS = YES_ERROR;
				CLANG_WARN_RANGE_LOOP_ANALYSIS = YES;
				CLANG_WARN_STRICT_PROTOTYPES = YES;
				CLANG_WARN_SUSPICIOUS_MOVE = YES;
				CLANG_WARN_UNGUARDED_AVAILABILITY = YES_AGGRESSIVE;
				CLANG_WARN_UNREACHABLE_CODE = YES;
				CLANG_WARN__DUPLICATE_METHOD_MATCH = YES;
				CODE_SIGN_IDENTITY = "iPhone Developer";
				COPY_PHASE_STRIP = NO;
				DEBUG_INFORMATION_FORMAT = dwarf;
				ENABLE_STRICT_OBJC_MSGSEND = YES;
				ENABLE_TESTABILITY = YES;
				GCC_C_LANGUAGE_STANDARD = gnu11;
				GCC_DYNAMIC_NO_PIC = NO;
				GCC_NO_COMMON_BLOCKS = YES;
				GCC_OPTIMIZATION_LEVEL = 0;
				GCC_PREPROCESSOR_DEFINITIONS = (
					"DEBUG=1",
					"$(inherited)",
				);
				GCC_WARN_64_TO_32_BIT_CONVERSION = YES;
				GCC_WARN_ABOUT_RETURN_TYPE = YES_ERROR;
				GCC_WARN_UNDECLARED_SELECTOR = YES;
				GCC_WARN_UNINITIALIZED_AUTOS = YES_AGGRESSIVE;
				GCC_WARN_UNUSED_FUNCTION = YES;
				GCC_WARN_UNUSED_VARIABLE = YES;
				IPHONEOS_DEPLOYMENT_TARGET = 11.3;
				MACOSX_DEPLOYMENT_TARGET = 10.13;
				MTL_ENABLE_DEBUG_INFO = YES;
				ONLY_ACTIVE_ARCH = YES;
				SDKROOT = iphoneos11.3;
				SWIFT_ACTIVE_COMPILATION_CONDITIONS = DEBUG;
				SWIFT_OPTIMIZATION_LEVEL = "-Onone";
				SWIFT_VERSION = 4.0;
			};
			name = Debug;
		};
		460E6F4D1F9655DF00F011B8 /* Release */ = {
			isa = XCBuildConfiguration;
			buildSettings = {
				ALWAYS_SEARCH_USER_PATHS = NO;
				CLANG_ANALYZER_NONNULL = YES;
				CLANG_ANALYZER_NUMBER_OBJECT_CONVERSION = YES_AGGRESSIVE;
				CLANG_CXX_LANGUAGE_STANDARD = "gnu++14";
				CLANG_CXX_LIBRARY = "libc++";
				CLANG_ENABLE_MODULES = YES;
				CLANG_ENABLE_OBJC_ARC = YES;
				CLANG_WARN_BLOCK_CAPTURE_AUTORELEASING = YES;
				CLANG_WARN_BOOL_CONVERSION = YES;
				CLANG_WARN_COMMA = YES;
				CLANG_WARN_CONSTANT_CONVERSION = YES;
				CLANG_WARN_DEPRECATED_OBJC_IMPLEMENTATIONS = YES;
				CLANG_WARN_DIRECT_OBJC_ISA_USAGE = YES_ERROR;
				CLANG_WARN_DOCUMENTATION_COMMENTS = YES;
				CLANG_WARN_EMPTY_BODY = YES;
				CLANG_WARN_ENUM_CONVERSION = YES;
				CLANG_WARN_INFINITE_RECURSION = YES;
				CLANG_WARN_INT_CONVERSION = YES;
				CLANG_WARN_NON_LITERAL_NULL_CONVERSION = YES;
				CLANG_WARN_OBJC_IMPLICIT_RETAIN_SELF = YES;
				CLANG_WARN_OBJC_LITERAL_CONVERSION = YES;
				CLANG_WARN_OBJC_ROOT_CLASS = YES_ERROR;
				CLANG_WARN_RANGE_LOOP_ANALYSIS = YES;
				CLANG_WARN_STRICT_PROTOTYPES = YES;
				CLANG_WARN_SUSPICIOUS_MOVE = YES;
				CLANG_WARN_UNGUARDED_AVAILABILITY = YES_AGGRESSIVE;
				CLANG_WARN_UNREACHABLE_CODE = YES;
				CLANG_WARN__DUPLICATE_METHOD_MATCH = YES;
				CODE_SIGN_IDENTITY = "iPhone Developer";
				COPY_PHASE_STRIP = NO;
				DEBUG_INFORMATION_FORMAT = "dwarf-with-dsym";
				ENABLE_NS_ASSERTIONS = NO;
				ENABLE_STRICT_OBJC_MSGSEND = YES;
				GCC_C_LANGUAGE_STANDARD = gnu11;
				GCC_NO_COMMON_BLOCKS = YES;
				GCC_WARN_64_TO_32_BIT_CONVERSION = YES;
				GCC_WARN_ABOUT_RETURN_TYPE = YES_ERROR;
				GCC_WARN_UNDECLARED_SELECTOR = YES;
				GCC_WARN_UNINITIALIZED_AUTOS = YES_AGGRESSIVE;
				GCC_WARN_UNUSED_FUNCTION = YES;
				GCC_WARN_UNUSED_VARIABLE = YES;
				IPHONEOS_DEPLOYMENT_TARGET = 11.3;
				MACOSX_DEPLOYMENT_TARGET = 10.13;
				MTL_ENABLE_DEBUG_INFO = NO;
				SDKROOT = iphoneos11.3;
				SWIFT_OPTIMIZATION_LEVEL = "-Owholemodule";
				SWIFT_VERSION = 4.0;
				VALIDATE_PRODUCT = YES;
			};
			name = Release;
		};
		460E6F4F1F9655DF00F011B8 /* Debug */ = {
			isa = XCBuildConfiguration;
			buildSettings = {
				ALWAYS_EMBED_SWIFT_STANDARD_LIBRARIES = YES;
				ASSETCATALOG_COMPILER_APPICON_NAME = AppIcon;
				CODE_SIGN_ENTITLEMENTS = "PacketTunnelExample/Supporting Files/PacketTunnelExample.entitlements";
				CODE_SIGN_IDENTITY = "Mac Developer";
				"CODE_SIGN_IDENTITY[sdk=iphoneos*]" = "iPhone Developer";
				CODE_SIGN_STYLE = Automatic;
				DEVELOPMENT_TEAM = 67Y4NSLDQ3;
				INFOPLIST_FILE = "$(SRCROOT)/PacketTunnelExample/Supporting Files/Info.plist";
				IPHONEOS_DEPLOYMENT_TARGET = 11.3;
				LD_RUNPATH_SEARCH_PATHS = "$(inherited) @executable_path/Frameworks";
				PRODUCT_BUNDLE_IDENTIFIER = org.operatorFoundation.PacketTunnelExample;
				PRODUCT_NAME = "$(TARGET_NAME)";
				PROVISIONING_PROFILE_SPECIFIER = "";
				SWIFT_VERSION = 4.0;
				TARGETED_DEVICE_FAMILY = "1,2";
			};
			name = Debug;
		};
		460E6F501F9655DF00F011B8 /* Release */ = {
			isa = XCBuildConfiguration;
			buildSettings = {
				ALWAYS_EMBED_SWIFT_STANDARD_LIBRARIES = YES;
				ASSETCATALOG_COMPILER_APPICON_NAME = AppIcon;
				CODE_SIGN_ENTITLEMENTS = "PacketTunnelExample/Supporting Files/PacketTunnelExample.entitlements";
				CODE_SIGN_IDENTITY = "Mac Developer";
				"CODE_SIGN_IDENTITY[sdk=iphoneos*]" = "iPhone Developer";
				CODE_SIGN_STYLE = Automatic;
				DEVELOPMENT_TEAM = 67Y4NSLDQ3;
				INFOPLIST_FILE = "$(SRCROOT)/PacketTunnelExample/Supporting Files/Info.plist";
				IPHONEOS_DEPLOYMENT_TARGET = 11.3;
				LD_RUNPATH_SEARCH_PATHS = "$(inherited) @executable_path/Frameworks";
				PRODUCT_BUNDLE_IDENTIFIER = org.operatorFoundation.PacketTunnelExample;
				PRODUCT_NAME = "$(TARGET_NAME)";
				PROVISIONING_PROFILE_SPECIFIER = "";
				SWIFT_VERSION = 4.0;
				TARGETED_DEVICE_FAMILY = "1,2";
			};
			name = Release;
		};
		4E78C34C1F97ACDB00C9B616 /* Debug */ = {
			isa = XCBuildConfiguration;
			buildSettings = {
				CLANG_ENABLE_MODULES = YES;
				CODE_SIGN_ENTITLEMENTS = "PacketTunnelExtension/Supporting Files/PacketTunnelExtension.entitlements";
				CODE_SIGN_IDENTITY = "Mac Developer";
				"CODE_SIGN_IDENTITY[sdk=iphoneos*]" = "iPhone Developer";
				CODE_SIGN_STYLE = Automatic;
				DEVELOPMENT_TEAM = 67Y4NSLDQ3;
				INFOPLIST_FILE = "$(SRCROOT)/PacketTunnelExtension/Supporting Files/Info.plist";
				IPHONEOS_DEPLOYMENT_TARGET = 11.3;
				LD_RUNPATH_SEARCH_PATHS = "$(inherited) @executable_path/Frameworks @executable_path/../../Frameworks";
				PRODUCT_BUNDLE_IDENTIFIER = org.operatorFoundation.PacketTunnelExample.PacketTunnelExtension;
				PRODUCT_NAME = "$(TARGET_NAME)";
				PROVISIONING_PROFILE_SPECIFIER = "";
				SKIP_INSTALL = YES;
				SWIFT_OPTIMIZATION_LEVEL = "-Onone";
				SWIFT_VERSION = 4.0;
				TARGETED_DEVICE_FAMILY = "1,2";
			};
			name = Debug;
		};
		4E78C34D1F97ACDB00C9B616 /* Release */ = {
			isa = XCBuildConfiguration;
			buildSettings = {
				CLANG_ENABLE_MODULES = YES;
				CODE_SIGN_ENTITLEMENTS = "PacketTunnelExtension/Supporting Files/PacketTunnelExtension.entitlements";
				CODE_SIGN_IDENTITY = "Mac Developer";
				"CODE_SIGN_IDENTITY[sdk=iphoneos*]" = "iPhone Developer";
				CODE_SIGN_STYLE = Automatic;
				DEVELOPMENT_TEAM = 67Y4NSLDQ3;
				INFOPLIST_FILE = "$(SRCROOT)/PacketTunnelExtension/Supporting Files/Info.plist";
				IPHONEOS_DEPLOYMENT_TARGET = 11.3;
				LD_RUNPATH_SEARCH_PATHS = "$(inherited) @executable_path/Frameworks @executable_path/../../Frameworks";
				PRODUCT_BUNDLE_IDENTIFIER = org.operatorFoundation.PacketTunnelExample.PacketTunnelExtension;
				PRODUCT_NAME = "$(TARGET_NAME)";
				PROVISIONING_PROFILE_SPECIFIER = "";
				SKIP_INSTALL = YES;
				SWIFT_VERSION = 4.0;
				TARGETED_DEVICE_FAMILY = "1,2";
			};
			name = Release;
		};
/* End XCBuildConfiguration section */

/* Begin XCConfigurationList section */
		2CA9A8901F96926A00A2AB4E /* Build configuration list for PBXNativeTarget "PacketTunnelServer" */ = {
			isa = XCConfigurationList;
			buildConfigurations = (
				2CA9A8911F96926A00A2AB4E /* Debug */,
				2CA9A8921F96926A00A2AB4E /* Release */,
			);
			defaultConfigurationIsVisible = 0;
			defaultConfigurationName = Release;
		};
		460E6F371F9655DF00F011B8 /* Build configuration list for PBXProject "PacketTunnelExample" */ = {
			isa = XCConfigurationList;
			buildConfigurations = (
				460E6F4C1F9655DF00F011B8 /* Debug */,
				460E6F4D1F9655DF00F011B8 /* Release */,
			);
			defaultConfigurationIsVisible = 0;
			defaultConfigurationName = Release;
		};
		460E6F4E1F9655DF00F011B8 /* Build configuration list for PBXNativeTarget "PacketTunnelExample" */ = {
			isa = XCConfigurationList;
			buildConfigurations = (
				460E6F4F1F9655DF00F011B8 /* Debug */,
				460E6F501F9655DF00F011B8 /* Release */,
			);
			defaultConfigurationIsVisible = 0;
			defaultConfigurationName = Release;
		};
		4E78C34B1F97ACDB00C9B616 /* Build configuration list for PBXNativeTarget "PacketTunnelExtension" */ = {
			isa = XCConfigurationList;
			buildConfigurations = (
				4E78C34C1F97ACDB00C9B616 /* Debug */,
				4E78C34D1F97ACDB00C9B616 /* Release */,
			);
			defaultConfigurationIsVisible = 0;
			defaultConfigurationName = Release;
		};
/* End XCConfigurationList section */
	};
	rootObject = 460E6F341F9655DF00F011B8 /* Project object */;
}
